{
  "requires": true,
  "lockfileVersion": 1,
  "dependencies": {
    "lodash": {
      "version": "4.17.21",
      "resolved": "https://registry.npmjs.org/lodash/-/lodash-4.17.21.tgz",
      "integrity": "sha512-v2kDEe57lecTulaDIuNTPy3Ry4gLGJ6Z1O3vE1krgXZNrsQ+LFTGHVxVjcXPs17LhbZVGedAJv8XZ1tvj5FvSg=="
    },
    "moment": {
      "version": "2.23.0",
      "resolved": "http://jam.clickfox.net:80/artifactory/api/npm/npm/moment/-/moment-2.23.0.tgz",
      "integrity": "sha1-dZ6kkayX1UusWtd2mW4qWMwbwiU="
    },
    "simple-node-logger": {
      "version": "18.12.21",
      "resolved": "http://jam.clickfox.net:80/artifactory/api/npm/npm/simple-node-logger/-/simple-node-logger-18.12.21.tgz",
      "integrity": "sha1-nv0ITxis/erSfK0SVNevP3R2gkY=",
      "requires": {
        "lodash": "^4.17.10",
        "moment": "^2.20.1"
      }
    }
  }
}
