{
  "requires": true,
  "lockfileVersion": 1,
  "dependencies": {
    "lodash": {
      "version": "4.17.11",
      "resolved": "http://jam.clickfox.net:80/artifactory/api/npm/npm/lodash/-/lodash-4.17.11.tgz",
      "integrity": "sha1-s56mIp72B+zYniyN8SU2iRysm40="
    },
    "moment": {
      "version": "2.29.4",
      "resolved": "https://registry.npmjs.org/moment/-/moment-2.29.4.tgz",
      "integrity": "sha512-5LC9SOxjSc2HF6vO2CyuTDNivEdoz2IvyJJGj6X8DJ0eFyfszE0QiEd+iXmBvUP3WHxSjFH/vIsA0EN00cgr8w=="
    },
    "simple-node-logger": {
      "version": "18.12.21",
      "resolved": "http://jam.clickfox.net:80/artifactory/api/npm/npm/simple-node-logger/-/simple-node-logger-18.12.21.tgz",
      "integrity": "sha1-nv0ITxis/erSfK0SVNevP3R2gkY=",
      "requires": {
        "lodash": "^4.17.10",
        "moment": "^2.20.1"
      }
    }
  }
}
